// !$*UTF8*$!
{
	archiveVersion = 1;
	classes = {
	};
	objectVersion = 46;
	objects = {

/* Begin PBXBuildFile section */
		962FECDD1B0BAD7600F7CF10 /* main.m in Sources */ = {isa = PBXBuildFile; fileRef = 962FECDC1B0BAD7600F7CF10 /* main.m */; };
/* End PBXBuildFile section */

/* Begin PBXCopyFilesBuildPhase section */
		962FECD71B0BAD7600F7CF10 /* CopyFiles */ = {
			isa = PBXCopyFilesBuildPhase;
			buildActionMask = 2147483647;
			dstPath = /usr/share/man/man1/;
			dstSubfolderSpec = 0;
			files = (
			);
			runOnlyForDeploymentPostprocessing = 1;
		};
/* End PBXCopyFilesBuildPhase section */

/* Begin PBXFileReference section */
		962FECD91B0BAD7600F7CF10 /* Ej03_Clases */ = {isa = PBXFileReference; explicitFileType = "compiled.mach-o.executable"; includeInIndex = 0; path = Ej03_Clases; sourceTree = BUILT_PRODUCTS_DIR; };
		962FECDC1B0BAD7600F7CF10 /* main.m */ = {isa = PBXFileReference; lastKnownFileType = sourcecode.c.objc; path = main.m; sourceTree = "<group>"; };
/* End PBXFileReference section */

/* Begin PBXFrameworksBuildPhase section */
		962FECD61B0BAD7600F7CF10 /* Frameworks */ = {
			isa = PBXFrameworksBuildPhase;
			buildActionMask = 2147483647;
			files = (
			);
			runOnlyForDeploymentPostprocessing = 0;
		};
/* End PBXFrameworksBuildPhase section */

/* Begin PBXGroup section */
		962FECD01B0BAD7600F7CF10 = {
			isa = PBXGroup;
			children = (
				962FECDB1B0BAD7600F7CF10 /* Ej03_Clases */,
				962FECDA1B0BAD7600F7CF10 /* Products */,
			);
			sourceTree = "<group>";
		};
		962FECDA1B0BAD7600F7CF10 /* Products */ = {
			isa = PBXGroup;
			children = (
				962FECD91B0BAD7600F7CF10 /* Ej03_Clases */,
			);
			name = Products;
			sourceTree = "<group>";
		};
		962FECDB1B0BAD7600F7CF10 /* Ej03_Clases */ = {
			isa = PBXGroup;
			children = (
				962FECDC1B0BAD7600F7CF10 /* main.m */,
			);
			path = Ej03_Clases;
			sourceTree = "<group>";
		};
/* End PBXGroup section */

/* Begin PBXNativeTarget section */
		962FECD81B0BAD7600F7CF10 /* Ej03_Clases */ = {
			isa = PBXNativeTarget;
			buildConfigurationList = 962FECE01B0BAD7600F7CF10 /* Build configuration list for PBXNativeTarget "Ej03_Clases" */;
			buildPhases = (
				962FECD51B0BAD7600F7CF10 /* Sources */,
				962FECD61B0BAD7600F7CF10 /* Frameworks */,
				962FECD71B0BAD7600F7CF10 /* CopyFiles */,
			);
			buildRules = (
			);
			dependencies = (
			);
			name = Ej03_Clases;
			productName = Ej03_Clases;
			productReference = 962FECD91B0BAD7600F7CF10 /* Ej03_Clases */;
			productType = "com.apple.product-type.tool";
		};
/* End PBXNativeTarget section */

/* Begin PBXProject section */
		962FECD11B0BAD7600F7CF10 /* Project object */ = {
			isa = PBXProject;
			attributes = {
				LastUpgradeCheck = 0600;
				ORGANIZATIONNAME = a13marcosve;
				TargetAttributes = {
					962FECD81B0BAD7600F7CF10 = {
						CreatedOnToolsVersion = 6.0.1;
					};
				};
			};
			buildConfigurationList = 962FECD41B0BAD7600F7CF10 /* Build configuration list for PBXProject "Ej03_Clases" */;
			compatibilityVersion = "Xcode 3.2";
			developmentRegion = English;
			hasScannedForEncodings = 0;
			knownRegions = (
				en,
			);
			mainGroup = 962FECD01B0BAD7600F7CF10;
			productRefGroup = 962FECDA1B0BAD7600F7CF10 /* Products */;
			projectDirPath = "";
			projectRoot = "";
			targets = (
				962FECD81B0BAD7600F7CF10 /* Ej03_Clases */,
			);
		};
/* End PBXProject section */

/* Begin PBXSourcesBuildPhase section */
		962FECD51B0BAD7600F7CF10 /* Sources */ = {
			isa = PBXSourcesBuildPhase;
			buildActionMask = 2147483647;
			files = (
				962FECDD1B0BAD7600F7CF10 /* main.m in Sources */,
			);
			runOnlyForDeploymentPostprocessing = 0;
		};
/* End PBXSourcesBuildPhase section */

/* Begin XCBuildConfiguration section */
		962FECDE1B0BAD7600F7CF10 /* Debug */ = {
			isa = XCBuildConfiguration;
			buildSettings = {
				ALWAYS_SEARCH_USER_PATHS = NO;
				CLANG_CXX_LANGUAGE_STANDARD = "gnu++0x";
				CLANG_CXX_LIBRARY = "libc++";
				CLANG_ENABLE_MODULES = YES;
				CLANG_ENABLE_OBJC_ARC = YES;
				CLANG_WARN_BOOL_CONVERSION = YES;
				CLANG_WARN_CONSTANT_CONVERSION = YES;
				CLANG_WARN_DIRECT_OBJC_ISA_USAGE = YES_ERROR;
				CLANG_WARN_EMPTY_BODY = YES;
				CLANG_WARN_ENUM_CONVERSION = YES;
				CLANG_WARN_INT_CONVERSION = YES;
				CLANG_WARN_OBJC_ROOT_CLASS = YES_ERROR;
				CLANG_WARN_UNREACHABLE_CODE = YES;
				CLANG_WARN__DUPLICATE_METHOD_MATCH = YES;
				COPY_PHASE_STRIP = NO;
				ENABLE_STRICT_OBJC_MSGSEND = YES;
				GCC_C_LANGUAGE_STANDARD = gnu99;
				GCC_DYNAMIC_NO_PIC = NO;
				GCC_OPTIMIZATION_LEVEL = 0;
				GCC_PREPROCESSOR_DEFINITIONS = (
					"DEBUG=1",
					"$(inherited)",
				);
				GCC_SYMBOLS_PRIVATE_EXTERN = NO;
				GCC_WARN_64_TO_32_BIT_CONVERSION = YES;
				GCC_WARN_ABOUT_RETURN_TYPE = YES_ERROR;
				GCC_WARN_UNDECLARED_SELECTOR = YES;
				GCC_WARN_UNINITIALIZED_AUTOS = YES_AGGRESSIVE;
				GCC_WARN_UNUSED_FUNCTION = YES;
				GCC_WARN_UNUSED_VARIABLE = YES;
				MACOSX_DEPLOYMENT_TARGET = 10.10;
				MTL_ENABLE_DEBUG_INFO = YES;
				ONLY_ACTIVE_ARCH = YES;
				SDKROOT = macosx;
			};
			name = Debug;
		};
		962FECDF1B0BAD7600F7CF10 /* Release */ = {
			isa = XCBuildConfiguration;
			buildSettings = {
				ALWAYS_SEARCH_USER_PATHS = NO;
				CLANG_CXX_LANGUAGE_STANDARD = "gnu++0x";
				CLANG_CXX_LIBRARY = "libc++";
				CLANG_ENABLE_MODULES = YES;
				CLANG_ENABLE_OBJC_ARC = YES;
				CLANG_WARN_BOOL_CONVERSION = YES;
				CLANG_WARN_CONSTANT_CONVERSION = YES;
				CLANG_WARN_DIRECT_OBJC_ISA_USAGE = YES_ERROR;
				CLANG_WARN_EMPTY_BODY = YES;
				CLANG_WARN_ENUM_CONVERSION = YES;
				CLANG_WARN_INT_CONVERSION = YES;
				CLANG_WARN_OBJC_ROOT_CLASS = YES_ERROR;
				CLANG_WARN_UNREACHABLE_CODE = YES;
				CLANG_WARN__DUPLICATE_METHOD_MATCH = YES;
				COPY_PHASE_STRIP = YES;
				DEBUG_INFORMATION_FORMAT = "dwarf-with-dsym";
				ENABLE_NS_ASSERTIONS = NO;
				ENABLE_STRICT_OBJC_MSGSEND = YES;
				GCC_C_LANGUAGE_STANDARD = gnu99;
				GCC_WARN_64_TO_32_BIT_CONVERSION = YES;
				GCC_WARN_ABOUT_RETURN_TYPE = YES_ERROR;
				GCC_WARN_UNDECLARED_SELECTOR = YES;
				GCC_WARN_UNINITIALIZED_AUTOS = YES_AGGRESSIVE;
				GCC_WARN_UNUSED_FUNCTION = YES;
				GCC_WARN_UNUSED_VARIABLE = YES;
				MACOSX_DEPLOYMENT_TARGET = 10.10;
				MTL_ENABLE_DEBUG_INFO = NO;
				SDKROOT = macosx;
			};
			name = Release;
		};
		962FECE11B0BAD7600F7CF10 /* Debug */ = {
			isa = XCBuildConfiguration;
			buildSettings = {
				PRODUCT_NAME = "$(TARGET_NAME)";
			};
			name = Debug;
		};
		962FECE21B0BAD7600F7CF10 /* Release */ = {
			isa = XCBuildConfiguration;
			buildSettings = {
				PRODUCT_NAME = "$(TARGET_NAME)";
			};
			name = Release;
		};
/* End XCBuildConfiguration section */

/* Begin XCConfigurationList section */
		962FECD41B0BAD7600F7CF10 /* Build configuration list for PBXProject "Ej03_Clases" */ = {
			isa = XCConfigurationList;
			buildConfigurations = (
				962FECDE1B0BAD7600F7CF10 /* Debug */,
				962FECDF1B0BAD7600F7CF10 /* Release */,
			);
			defaultConfigurationIsVisible = 0;
			defaultConfigurationName = Release;
		};
		962FECE01B0BAD7600F7CF10 /* Build configuration list for PBXNativeTarget "Ej03_Clases" */ = {
			isa = XCConfigurationList;
			buildConfigurations = (
				962FECE11B0BAD7600F7CF10 /* Debug */,
				962FECE21B0BAD7600F7CF10 /* Release */,
			);
			defaultConfigurationIsVisible = 0;
		};
/* End XCConfigurationList section */
	};
	rootObject = 962FECD11B0BAD7600F7CF10 /* Project object */;
}
